
Microsoft Visual Studio Solution File, Format Version 12.00
# Visual Studio Version 17
VisualStudioVersion = 17.11.35208.52
MinimumVisualStudioVersion = 10.0.40219.1
Project("{FAE04EC0-301F-11D3-BF4B-00C04F79EFBC}") = "L11 - Aggregator", "L11 - Aggregator\L11 - Aggregator.csproj", "{8AF8622A-57F0-4C6B-83B5-FDC1ACC1B3C0}"
EndProject
Global
	GlobalSection(SolutionConfigurationPlatforms) = preSolution
		Debug|Any CPU = Debug|Any CPU
		Release|Any CPU = Release|Any CPU
	EndGlobalSection
	GlobalSection(ProjectConfigurationPlatforms) = postSolution
		{8AF8622A-57F0-4C6B-83B5-FDC1ACC1B3C0}.Debug|Any CPU.ActiveCfg = Debug|Any CPU
		{8AF8622A-57F0-4C6B-83B5-FDC1ACC1B3C0}.Debug|Any CPU.Build.0 = Debug|Any CPU
		{8AF8622A-57F0-4C6B-83B5-FDC1ACC1B3C0}.Release|Any CPU.ActiveCfg = Release|Any CPU
		{8AF8622A-57F0-4C6B-83B5-FDC1ACC1B3C0}.Release|Any CPU.Build.0 = Release|Any CPU
	EndGlobalSection
	GlobalSection(SolutionProperties) = preSolution
		HideSolutionNode = FALSE
	EndGlobalSection
	GlobalSection(ExtensibilityGlobals) = postSolution
		SolutionGuid = {CF7787BA-279A-4868-A84D-67AA055B9248}
	EndGlobalSection
EndGlobal
