
Microsoft Visual Studio Solution File, Format Version 12.00
# Visual Studio Version 17
VisualStudioVersion = 17.4.33213.308
MinimumVisualStudioVersion = 10.0.40219.1
Project("{FAE04EC0-301F-11D3-BF4B-00C04F79EFBC}") = "BluffCityRequestETA", "MYFirstMSMQ\BluffCityRequestETA.csproj", "{49A4C497-218C-46DB-BD33-C3F0936444D7}"
EndProject
Global
	GlobalSection(SolutionConfigurationPlatforms) = preSolution
		Debug|Any CPU = Debug|Any CPU
		Release|Any CPU = Release|Any CPU
	EndGlobalSection
	GlobalSection(ProjectConfigurationPlatforms) = postSolution
		{49A4C497-218C-46DB-BD33-C3F0936444D7}.Debug|Any CPU.ActiveCfg = Debug|Any CPU
		{49A4C497-218C-46DB-BD33-C3F0936444D7}.Debug|Any CPU.Build.0 = Debug|Any CPU
		{49A4C497-218C-46DB-BD33-C3F0936444D7}.Release|Any CPU.ActiveCfg = Release|Any CPU
		{49A4C497-218C-46DB-BD33-C3F0936444D7}.Release|Any CPU.Build.0 = Release|Any CPU
	EndGlobalSection
	GlobalSection(SolutionProperties) = preSolution
		HideSolutionNode = FALSE
	EndGlobalSection
	GlobalSection(ExtensibilityGlobals) = postSolution
		SolutionGuid = {C21D8491-38A5-4DC8-A2D1-91C158D12105}
	EndGlobalSection
EndGlobal
