
Microsoft Visual Studio Solution File, Format Version 12.00
# Visual Studio Version 17
VisualStudioVersion = 17.11.35208.52
MinimumVisualStudioVersion = 10.0.40219.1
Project("{FAE04EC0-301F-11D3-BF4B-00C04F79EFBC}") = "L2 - Messaging System og Channels", "L2 - Messaging System og Channels\L2 - Messaging System og Channels.csproj", "{A2CE2D53-9E21-4777-B551-00BD78D48F6B}"
EndProject
Global
	GlobalSection(SolutionConfigurationPlatforms) = preSolution
		Debug|Any CPU = Debug|Any CPU
		Release|Any CPU = Release|Any CPU
	EndGlobalSection
	GlobalSection(ProjectConfigurationPlatforms) = postSolution
		{A2CE2D53-9E21-4777-B551-00BD78D48F6B}.Debug|Any CPU.ActiveCfg = Debug|Any CPU
		{A2CE2D53-9E21-4777-B551-00BD78D48F6B}.Debug|Any CPU.Build.0 = Debug|Any CPU
		{A2CE2D53-9E21-4777-B551-00BD78D48F6B}.Release|Any CPU.ActiveCfg = Release|Any CPU
		{A2CE2D53-9E21-4777-B551-00BD78D48F6B}.Release|Any CPU.Build.0 = Release|Any CPU
	EndGlobalSection
	GlobalSection(SolutionProperties) = preSolution
		HideSolutionNode = FALSE
	EndGlobalSection
	GlobalSection(ExtensibilityGlobals) = postSolution
		SolutionGuid = {0F7AD146-0D76-4D5A-86DC-381260ACFC26}
	EndGlobalSection
EndGlobal
