
Microsoft Visual Studio Solution File, Format Version 12.00
# Visual Studio Version 17
VisualStudioVersion = 17.11.35208.52
MinimumVisualStudioVersion = 10.0.40219.1
Project("{FAE04EC0-301F-11D3-BF4B-00C04F79EFBC}") = "L9 - MessageChannelsConstruction", "L9 - MessageChannelsConstruction\L9 - MessageChannelsConstruction.csproj", "{4E39D72C-1971-4AAA-B274-EE42306999CC}"
EndProject
Project("{FAE04EC0-301F-11D3-BF4B-00C04F79EFBC}") = "L9 - MessageChannelsConstruction (Excel)", "L9 - MessageChannelsConstruction (Excel)\L9 - MessageChannelsConstruction (Excel).csproj", "{CA4D9415-DC51-4427-9D93-6EB4DD7D540F}"
EndProject
Global
	GlobalSection(SolutionConfigurationPlatforms) = preSolution
		Debug|Any CPU = Debug|Any CPU
		Release|Any CPU = Release|Any CPU
	EndGlobalSection
	GlobalSection(ProjectConfigurationPlatforms) = postSolution
		{4E39D72C-1971-4AAA-B274-EE42306999CC}.Debug|Any CPU.ActiveCfg = Debug|Any CPU
		{4E39D72C-1971-4AAA-B274-EE42306999CC}.Debug|Any CPU.Build.0 = Debug|Any CPU
		{4E39D72C-1971-4AAA-B274-EE42306999CC}.Release|Any CPU.ActiveCfg = Release|Any CPU
		{4E39D72C-1971-4AAA-B274-EE42306999CC}.Release|Any CPU.Build.0 = Release|Any CPU
		{CA4D9415-DC51-4427-9D93-6EB4DD7D540F}.Debug|Any CPU.ActiveCfg = Debug|Any CPU
		{CA4D9415-DC51-4427-9D93-6EB4DD7D540F}.Debug|Any CPU.Build.0 = Debug|Any CPU
		{CA4D9415-DC51-4427-9D93-6EB4DD7D540F}.Release|Any CPU.ActiveCfg = Release|Any CPU
		{CA4D9415-DC51-4427-9D93-6EB4DD7D540F}.Release|Any CPU.Build.0 = Release|Any CPU
	EndGlobalSection
	GlobalSection(SolutionProperties) = preSolution
		HideSolutionNode = FALSE
	EndGlobalSection
	GlobalSection(ExtensibilityGlobals) = postSolution
		SolutionGuid = {C0D2643E-91BD-43FC-A3D6-250FC1DA5305}
	EndGlobalSection
EndGlobal
